// !$*UTF8*$!
{
	archiveVersion = 1;
	classes = {
	};
	objectVersion = 56;
	objects = {

/* Begin PBXBuildFile section */
		B66AA52829EB613B00EE4309 /* V2_JaJankenApp.swift in Sources */ = {isa = PBXBuildFile; fileRef = B66AA52729EB613B00EE4309 /* V2_JaJankenApp.swift */; };
		B66AA52A29EB613B00EE4309 /* ContentView.swift in Sources */ = {isa = PBXBuildFile; fileRef = B66AA52929EB613B00EE4309 /* ContentView.swift */; };
		B66AA52C29EB613E00EE4309 /* Assets.xcassets in Resources */ = {isa = PBXBuildFile; fileRef = B66AA52B29EB613E00EE4309 /* Assets.xcassets */; };
		B66AA52F29EB613E00EE4309 /* Preview Assets.xcassets in Resources */ = {isa = PBXBuildFile; fileRef = B66AA52E29EB613E00EE4309 /* Preview Assets.xcassets */; };
		B66AA53629EB633600EE4309 /* Camera Preview.swift in Sources */ = {isa = PBXBuildFile; fileRef = B66AA53529EB633600EE4309 /* Camera Preview.swift */; };
		B66AA53829EB636000EE4309 /* Camera View.swift in Sources */ = {isa = PBXBuildFile; fileRef = B66AA53729EB636000EE4309 /* Camera View.swift */; };
		B66AA53A29EB63A100EE4309 /* CameraViewController.swift in Sources */ = {isa = PBXBuildFile; fileRef = B66AA53929EB63A100EE4309 /* CameraViewController.swift */; };
		B66AA53C29EB734400EE4309 /* WalletObject.mlmodel in Sources */ = {isa = PBXBuildFile; fileRef = B66AA53B29EB734400EE4309 /* WalletObject.mlmodel */; };
/* End PBXBuildFile section */

/* Begin PBXFileReference section */
		B66AA52429EB613B00EE4309 /* V2 JaJanken.app */ = {isa = PBXFileReference; explicitFileType = wrapper.application; includeInIndex = 0; path = "V2 JaJanken.app"; sourceTree = BUILT_PRODUCTS_DIR; };
		B66AA52729EB613B00EE4309 /* V2_JaJankenApp.swift */ = {isa = PBXFileReference; lastKnownFileType = sourcecode.swift; path = V2_JaJankenApp.swift; sourceTree = "<group>"; };
		B66AA52929EB613B00EE4309 /* ContentView.swift */ = {isa = PBXFileReference; lastKnownFileType = sourcecode.swift; path = ContentView.swift; sourceTree = "<group>"; };
		B66AA52B29EB613E00EE4309 /* Assets.xcassets */ = {isa = PBXFileReference; lastKnownFileType = folder.assetcatalog; path = Assets.xcassets; sourceTree = "<group>"; };
		B66AA52E29EB613E00EE4309 /* Preview Assets.xcassets */ = {isa = PBXFileReference; lastKnownFileType = folder.assetcatalog; path = "Preview Assets.xcassets"; sourceTree = "<group>"; };
		B66AA53529EB633600EE4309 /* Camera Preview.swift */ = {isa = PBXFileReference; lastKnownFileType = sourcecode.swift; path = "Camera Preview.swift"; sourceTree = "<group>"; };
		B66AA53729EB636000EE4309 /* Camera View.swift */ = {isa = PBXFileReference; lastKnownFileType = sourcecode.swift; path = "Camera View.swift"; sourceTree = "<group>"; };
		B66AA53929EB63A100EE4309 /* CameraViewController.swift */ = {isa = PBXFileReference; lastKnownFileType = sourcecode.swift; path = CameraViewController.swift; sourceTree = "<group>"; };
		B66AA53B29EB734400EE4309 /* WalletObject.mlmodel */ = {isa = PBXFileReference; lastKnownFileType = file.mlmodel; path = WalletObject.mlmodel; sourceTree = SOURCE_ROOT; };
/* End PBXFileReference section */

/* Begin PBXFrameworksBuildPhase section */
		B66AA52129EB613B00EE4309 /* Frameworks */ = {
			isa = PBXFrameworksBuildPhase;
			buildActionMask = 2147483647;
			files = (
			);
			runOnlyForDeploymentPostprocessing = 0;
		};
/* End PBXFrameworksBuildPhase section */

/* Begin PBXGroup section */
		B66AA51B29EB613B00EE4309 = {
			isa = PBXGroup;
			children = (
				B66AA52629EB613B00EE4309 /* V2 JaJanken */,
				B66AA52529EB613B00EE4309 /* Products */,
			);
			sourceTree = "<group>";
		};
		B66AA52529EB613B00EE4309 /* Products */ = {
			isa = PBXGroup;
			children = (
				B66AA52429EB613B00EE4309 /* V2 JaJanken.app */,
			);
			name = Products;
			sourceTree = "<group>";
		};
		B66AA52629EB613B00EE4309 /* V2 JaJanken */ = {
			isa = PBXGroup;
			children = (
				B66AA52729EB613B00EE4309 /* V2_JaJankenApp.swift */,
				B66AA52929EB613B00EE4309 /* ContentView.swift */,
				B66AA53B29EB734400EE4309 /* WalletObject.mlmodel */,
				B66AA52B29EB613E00EE4309 /* Assets.xcassets */,
				B66AA52D29EB613E00EE4309 /* Preview Content */,
				B66AA53529EB633600EE4309 /* Camera Preview.swift */,
				B66AA53729EB636000EE4309 /* Camera View.swift */,
				B66AA53929EB63A100EE4309 /* CameraViewController.swift */,
			);
			path = "V2 JaJanken";
			sourceTree = "<group>";
		};
		B66AA52D29EB613E00EE4309 /* Preview Content */ = {
			isa = PBXGroup;
			children = (
				B66AA52E29EB613E00EE4309 /* Preview Assets.xcassets */,
			);
			path = "Preview Content";
			sourceTree = "<group>";
		};
/* End PBXGroup section */

/* Begin PBXNativeTarget section */
		B66AA52329EB613B00EE4309 /* V2 JaJanken */ = {
			isa = PBXNativeTarget;
			buildConfigurationList = B66AA53229EB613E00EE4309 /* Build configuration list for PBXNativeTarget "V2 JaJanken" */;
			buildPhases = (
				B66AA52029EB613B00EE4309 /* Sources */,
				B66AA52129EB613B00EE4309 /* Frameworks */,
				B66AA52229EB613B00EE4309 /* Resources */,
			);
			buildRules = (
			);
			dependencies = (
			);
			name = "V2 JaJanken";
			productName = "V2 JaJanken";
			productReference = B66AA52429EB613B00EE4309 /* V2 JaJanken.app */;
			productType = "com.apple.product-type.application";
		};
/* End PBXNativeTarget section */

/* Begin PBXProject section */
		B66AA51C29EB613B00EE4309 /* Project object */ = {
			isa = PBXProject;
			attributes = {
				BuildIndependentTargetsInParallel = 1;
				LastSwiftUpdateCheck = 1430;
				LastUpgradeCheck = 1430;
				TargetAttributes = {
					B66AA52329EB613B00EE4309 = {
						CreatedOnToolsVersion = 14.3;
					};
				};
			};
			buildConfigurationList = B66AA51F29EB613B00EE4309 /* Build configuration list for PBXProject "V2 JaJanken" */;
			compatibilityVersion = "Xcode 14.0";
			developmentRegion = en;
			hasScannedForEncodings = 0;
			knownRegions = (
				en,
				Base,
			);
			mainGroup = B66AA51B29EB613B00EE4309;
			productRefGroup = B66AA52529EB613B00EE4309 /* Products */;
			projectDirPath = "";
			projectRoot = "";
			targets = (
				B66AA52329EB613B00EE4309 /* V2 JaJanken */,
			);
		};
/* End PBXProject section */

/* Begin PBXResourcesBuildPhase section */
		B66AA52229EB613B00EE4309 /* Resources */ = {
			isa = PBXResourcesBuildPhase;
			buildActionMask = 2147483647;
			files = (
				B66AA52F29EB613E00EE4309 /* Preview Assets.xcassets in Resources */,
				B66AA52C29EB613E00EE4309 /* Assets.xcassets in Resources */,
			);
			runOnlyForDeploymentPostprocessing = 0;
		};
/* End PBXResourcesBuildPhase section */

/* Begin PBXSourcesBuildPhase section */
		B66AA52029EB613B00EE4309 /* Sources */ = {
			isa = PBXSourcesBuildPhase;
			buildActionMask = 2147483647;
			files = (
				B66AA53829EB636000EE4309 /* Camera View.swift in Sources */,
				B66AA53A29EB63A100EE4309 /* CameraViewController.swift in Sources */,
				B66AA53629EB633600EE4309 /* Camera Preview.swift in Sources */,
				B66AA52A29EB613B00EE4309 /* ContentView.swift in Sources */,
				B66AA53C29EB734400EE4309 /* WalletObject.mlmodel in Sources */,
				B66AA52829EB613B00EE4309 /* V2_JaJankenApp.swift in Sources */,
			);
			runOnlyForDeploymentPostprocessing = 0;
		};
/* End PBXSourcesBuildPhase section */

/* Begin XCBuildConfiguration section */
		B66AA53029EB613E00EE4309 /* Debug */ = {
			isa = XCBuildConfiguration;
			buildSettings = {
				ALWAYS_SEARCH_USER_PATHS = NO;
				CLANG_ANALYZER_NONNULL = YES;
				CLANG_ANALYZER_NUMBER_OBJECT_CONVERSION = YES_AGGRESSIVE;
				CLANG_CXX_LANGUAGE_STANDARD = "gnu++20";
				CLANG_ENABLE_MODULES = YES;
				CLANG_ENABLE_OBJC_ARC = YES;
				CLANG_ENABLE_OBJC_WEAK = YES;
				CLANG_WARN_BLOCK_CAPTURE_AUTORELEASING = YES;
				CLANG_WARN_BOOL_CONVERSION = YES;
				CLANG_WARN_COMMA = YES;
				CLANG_WARN_CONSTANT_CONVERSION = YES;
				CLANG_WARN_DEPRECATED_OBJC_IMPLEMENTATIONS = YES;
				CLANG_WARN_DIRECT_OBJC_ISA_USAGE = YES_ERROR;
				CLANG_WARN_DOCUMENTATION_COMMENTS = YES;
				CLANG_WARN_EMPTY_BODY = YES;
				CLANG_WARN_ENUM_CONVERSION = YES;
				CLANG_WARN_INFINITE_RECURSION = YES;
				CLANG_WARN_INT_CONVERSION = YES;
				CLANG_WARN_NON_LITERAL_NULL_CONVERSION = YES;
				CLANG_WARN_OBJC_IMPLICIT_RETAIN_SELF = YES;
				CLANG_WARN_OBJC_LITERAL_CONVERSION = YES;
				CLANG_WARN_OBJC_ROOT_CLASS = YES_ERROR;
				CLANG_WARN_QUOTED_INCLUDE_IN_FRAMEWORK_HEADER = YES;
				CLANG_WARN_RANGE_LOOP_ANALYSIS = YES;
				CLANG_WARN_STRICT_PROTOTYPES = YES;
				CLANG_WARN_SUSPICIOUS_MOVE = YES;
				CLANG_WARN_UNGUARDED_AVAILABILITY = YES_AGGRESSIVE;
				CLANG_WARN_UNREACHABLE_CODE = YES;
				CLANG_WARN__DUPLICATE_METHOD_MATCH = YES;
				COPY_PHASE_STRIP = NO;
				DEBUG_INFORMATION_FORMAT = dwarf;
				ENABLE_STRICT_OBJC_MSGSEND = YES;
				ENABLE_TESTABILITY = YES;
				GCC_C_LANGUAGE_STANDARD = gnu11;
				GCC_DYNAMIC_NO_PIC = NO;
				GCC_NO_COMMON_BLOCKS = YES;
				GCC_OPTIMIZATION_LEVEL = 0;
				GCC_PREPROCESSOR_DEFINITIONS = (
					"DEBUG=1",
					"$(inherited)",
				);
				GCC_WARN_64_TO_32_BIT_CONVERSION = YES;
				GCC_WARN_ABOUT_RETURN_TYPE = YES_ERROR;
				GCC_WARN_UNDECLARED_SELECTOR = YES;
				GCC_WARN_UNINITIALIZED_AUTOS = YES_AGGRESSIVE;
				GCC_WARN_UNUSED_FUNCTION = YES;
				GCC_WARN_UNUSED_VARIABLE = YES;
				IPHONEOS_DEPLOYMENT_TARGET = 16.4;
				MTL_ENABLE_DEBUG_INFO = INCLUDE_SOURCE;
				MTL_FAST_MATH = YES;
				ONLY_ACTIVE_ARCH = YES;
				SDKROOT = iphoneos;
				SWIFT_ACTIVE_COMPILATION_CONDITIONS = DEBUG;
				SWIFT_OPTIMIZATION_LEVEL = "-Onone";
			};
			name = Debug;
		};
		B66AA53129EB613E00EE4309 /* Release */ = {
			isa = XCBuildConfiguration;
			buildSettings = {
				ALWAYS_SEARCH_USER_PATHS = NO;
				CLANG_ANALYZER_NONNULL = YES;
				CLANG_ANALYZER_NUMBER_OBJECT_CONVERSION = YES_AGGRESSIVE;
				CLANG_CXX_LANGUAGE_STANDARD = "gnu++20";
				CLANG_ENABLE_MODULES = YES;
				CLANG_ENABLE_OBJC_ARC = YES;
				CLANG_ENABLE_OBJC_WEAK = YES;
				CLANG_WARN_BLOCK_CAPTURE_AUTORELEASING = YES;
				CLANG_WARN_BOOL_CONVERSION = YES;
				CLANG_WARN_COMMA = YES;
				CLANG_WARN_CONSTANT_CONVERSION = YES;
				CLANG_WARN_DEPRECATED_OBJC_IMPLEMENTATIONS = YES;
				CLANG_WARN_DIRECT_OBJC_ISA_USAGE = YES_ERROR;
				CLANG_WARN_DOCUMENTATION_COMMENTS = YES;
				CLANG_WARN_EMPTY_BODY = YES;
				CLANG_WARN_ENUM_CONVERSION = YES;
				CLANG_WARN_INFINITE_RECURSION = YES;
				CLANG_WARN_INT_CONVERSION = YES;
				CLANG_WARN_NON_LITERAL_NULL_CONVERSION = YES;
				CLANG_WARN_OBJC_IMPLICIT_RETAIN_SELF = YES;
				CLANG_WARN_OBJC_LITERAL_CONVERSION = YES;
				CLANG_WARN_OBJC_ROOT_CLASS = YES_ERROR;
				CLANG_WARN_QUOTED_INCLUDE_IN_FRAMEWORK_HEADER = YES;
				CLANG_WARN_RANGE_LOOP_ANALYSIS = YES;
				CLANG_WARN_STRICT_PROTOTYPES = YES;
				CLANG_WARN_SUSPICIOUS_MOVE = YES;
				CLANG_WARN_UNGUARDED_AVAILABILITY = YES_AGGRESSIVE;
				CLANG_WARN_UNREACHABLE_CODE = YES;
				CLANG_WARN__DUPLICATE_METHOD_MATCH = YES;
				COPY_PHASE_STRIP = NO;
				DEBUG_INFORMATION_FORMAT = "dwarf-with-dsym";
				ENABLE_NS_ASSERTIONS = NO;
				ENABLE_STRICT_OBJC_MSGSEND = YES;
				GCC_C_LANGUAGE_STANDARD = gnu11;
				GCC_NO_COMMON_BLOCKS = YES;
				GCC_WARN_64_TO_32_BIT_CONVERSION = YES;
				GCC_WARN_ABOUT_RETURN_TYPE = YES_ERROR;
				GCC_WARN_UNDECLARED_SELECTOR = YES;
				GCC_WARN_UNINITIALIZED_AUTOS = YES_AGGRESSIVE;
				GCC_WARN_UNUSED_FUNCTION = YES;
				GCC_WARN_UNUSED_VARIABLE = YES;
				IPHONEOS_DEPLOYMENT_TARGET = 16.4;
				MTL_ENABLE_DEBUG_INFO = NO;
				MTL_FAST_MATH = YES;
				SDKROOT = iphoneos;
				SWIFT_COMPILATION_MODE = wholemodule;
				SWIFT_OPTIMIZATION_LEVEL = "-O";
				VALIDATE_PRODUCT = YES;
			};
			name = Release;
		};
		B66AA53329EB613E00EE4309 /* Debug */ = {
			isa = XCBuildConfiguration;
			buildSettings = {
				ASSETCATALOG_COMPILER_APPICON_NAME = AppIcon;
				ASSETCATALOG_COMPILER_GLOBAL_ACCENT_COLOR_NAME = AccentColor;
				CODE_SIGN_STYLE = Automatic;
				CURRENT_PROJECT_VERSION = 1;
				DEVELOPMENT_ASSET_PATHS = "\"V2 JaJanken/Preview Content\"";
				DEVELOPMENT_TEAM = 5UJL58M7XY;
				ENABLE_PREVIEWS = YES;
				GENERATE_INFOPLIST_FILE = YES;
				INFOPLIST_KEY_NSCameraUsageDescription = "Need Camera Permission So I can see for you.";
				INFOPLIST_KEY_UIApplicationSceneManifest_Generation = YES;
				INFOPLIST_KEY_UIApplicationSupportsIndirectInputEvents = YES;
				INFOPLIST_KEY_UILaunchScreen_Generation = YES;
				INFOPLIST_KEY_UISupportedInterfaceOrientations_iPad = "UIInterfaceOrientationPortrait UIInterfaceOrientationPortraitUpsideDown UIInterfaceOrientationLandscapeLeft UIInterfaceOrientationLandscapeRight";
				INFOPLIST_KEY_UISupportedInterfaceOrientations_iPhone = "UIInterfaceOrientationPortrait UIInterfaceOrientationLandscapeLeft UIInterfaceOrientationLandscapeRight";
				LD_RUNPATH_SEARCH_PATHS = (
					"$(inherited)",
					"@executable_path/Frameworks",
				);
				MARKETING_VERSION = 1.0;
				PRODUCT_BUNDLE_IDENTIFIER = "Spice.Boys.V2-JaJanken";
				PRODUCT_NAME = "$(TARGET_NAME)";
				SWIFT_EMIT_LOC_STRINGS = YES;
				SWIFT_VERSION = 5.0;
				TARGETED_DEVICE_FAMILY = "1,2";
			};
			name = Debug;
		};
		B66AA53429EB613E00EE4309 /* Release */ = {
			isa = XCBuildConfiguration;
			buildSettings = {
				ASSETCATALOG_COMPILER_APPICON_NAME = AppIcon;
				ASSETCATALOG_COMPILER_GLOBAL_ACCENT_COLOR_NAME = AccentColor;
				CODE_SIGN_STYLE = Automatic;
				CURRENT_PROJECT_VERSION = 1;
				DEVELOPMENT_ASSET_PATHS = "\"V2 JaJanken/Preview Content\"";
				DEVELOPMENT_TEAM = 5UJL58M7XY;
				ENABLE_PREVIEWS = YES;
				GENERATE_INFOPLIST_FILE = YES;
				INFOPLIST_KEY_NSCameraUsageDescription = "Need Camera Permission So I can see for you.";
				INFOPLIST_KEY_UIApplicationSceneManifest_Generation = YES;
				INFOPLIST_KEY_UIApplicationSupportsIndirectInputEvents = YES;
				INFOPLIST_KEY_UILaunchScreen_Generation = YES;
				INFOPLIST_KEY_UISupportedInterfaceOrientations_iPad = "UIInterfaceOrientationPortrait UIInterfaceOrientationPortraitUpsideDown UIInterfaceOrientationLandscapeLeft UIInterfaceOrientationLandscapeRight";
				INFOPLIST_KEY_UISupportedInterfaceOrientations_iPhone = "UIInterfaceOrientationPortrait UIInterfaceOrientationLandscapeLeft UIInterfaceOrientationLandscapeRight";
				LD_RUNPATH_SEARCH_PATHS = (
					"$(inherited)",
					"@executable_path/Frameworks",
				);
				MARKETING_VERSION = 1.0;
				PRODUCT_BUNDLE_IDENTIFIER = "Spice.Boys.V2-JaJanken";
				PRODUCT_NAME = "$(TARGET_NAME)";
				SWIFT_EMIT_LOC_STRINGS = YES;
				SWIFT_VERSION = 5.0;
				TARGETED_DEVICE_FAMILY = "1,2";
			};
			name = Release;
		};
/* End XCBuildConfiguration section */

/* Begin XCConfigurationList section */
		B66AA51F29EB613B00EE4309 /* Build configuration list for PBXProject "V2 JaJanken" */ = {
			isa = XCConfigurationList;
			buildConfigurations = (
				B66AA53029EB613E00EE4309 /* Debug */,
				B66AA53129EB613E00EE4309 /* Release */,
			);
			defaultConfigurationIsVisible = 0;
			defaultConfigurationName = Release;
		};
		B66AA53229EB613E00EE4309 /* Build configuration list for PBXNativeTarget "V2 JaJanken" */ = {
			isa = XCConfigurationList;
			buildConfigurations = (
				B66AA53329EB613E00EE4309 /* Debug */,
				B66AA53429EB613E00EE4309 /* Release */,
			);
			defaultConfigurationIsVisible = 0;
			defaultConfigurationName = Release;
		};
/* End XCConfigurationList section */
	};
	rootObject = B66AA51C29EB613B00EE4309 /* Project object */;
}
